
Microsoft Visual Studio Solution File, Format Version 12.00
# Visual Studio Version 17
VisualStudioVersion = 17.5.002.0
MinimumVisualStudioVersion = 10.0.40219.1
Project("{9A19103F-16F7-4668-BE54-9A1E7A4F7556}") = "Calculator", "Calculator.csproj", "{0844D2ED-7267-44B9-AC61-A04E00E77662}"
EndProject
Global
	GlobalSection(SolutionConfigurationPlatforms) = preSolution
		Debug|Any CPU = Debug|Any CPU
		Release|Any CPU = Release|Any CPU
	EndGlobalSection
	GlobalSection(ProjectConfigurationPlatforms) = postSolution
		{0844D2ED-7267-44B9-AC61-A04E00E77662}.Debug|Any CPU.ActiveCfg = Debug|Any CPU
		{0844D2ED-7267-44B9-AC61-A04E00E77662}.Debug|Any CPU.Build.0 = Debug|Any CPU
		{0844D2ED-7267-44B9-AC61-A04E00E77662}.Release|Any CPU.ActiveCfg = Release|Any CPU
		{0844D2ED-7267-44B9-AC61-A04E00E77662}.Release|Any CPU.Build.0 = Release|Any CPU
	EndGlobalSection
	GlobalSection(SolutionProperties) = preSolution
		HideSolutionNode = FALSE
	EndGlobalSection
	GlobalSection(ExtensibilityGlobals) = postSolution
		SolutionGuid = {7985C843-3AD6-479F-864E-B56CDD61AA4A}
	EndGlobalSection
EndGlobal
